
Microsoft Visual Studio Solution File, Format Version 12.00
# Visual Studio Version 16
VisualStudioVersion = 16.0.30611.23
MinimumVisualStudioVersion = 10.0.40219.1
Project("{FAE04EC0-301F-11D3-BF4B-00C04F79EFBC}") = "Nye_TaskList", "Nye_TaskList\Nye_TaskList.csproj", "{6ACD6399-10EA-4F42-BEC1-A1F5D5DFB896}"
EndProject
Global
	GlobalSection(SolutionConfigurationPlatforms) = preSolution
		Debug|Any CPU = Debug|Any CPU
		Release|Any CPU = Release|Any CPU
	EndGlobalSection
	GlobalSection(ProjectConfigurationPlatforms) = postSolution
		{6ACD6399-10EA-4F42-BEC1-A1F5D5DFB896}.Debug|Any CPU.ActiveCfg = Debug|Any CPU
		{6ACD6399-10EA-4F42-BEC1-A1F5D5DFB896}.Debug|Any CPU.Build.0 = Debug|Any CPU
		{6ACD6399-10EA-4F42-BEC1-A1F5D5DFB896}.Release|Any CPU.ActiveCfg = Release|Any CPU
		{6ACD6399-10EA-4F42-BEC1-A1F5D5DFB896}.Release|Any CPU.Build.0 = Release|Any CPU
	EndGlobalSection
	GlobalSection(SolutionProperties) = preSolution
		HideSolutionNode = FALSE
	EndGlobalSection
	GlobalSection(ExtensibilityGlobals) = postSolution
		SolutionGuid = {10D98E41-3A73-4056-8653-ED6EB526B49F}
	EndGlobalSection
EndGlobal
